// !$*UTF8*$!
{
	archiveVersion = 1;
	classes = {
	};
	objectVersion = 50;
	objects = {

/* Begin PBXBuildFile section */
		A985A64D22D28B7500E730BE /* ProfileVC.swift in Sources */ = {isa = PBXBuildFile; fileRef = A985A64C22D28B7500E730BE /* ProfileVC.swift */; };
		A988B1DB22D12FFD00C1F886 /* IntroVC.swift in Sources */ = {isa = PBXBuildFile; fileRef = A988B1DA22D12FFD00C1F886 /* IntroVC.swift */; };
		A988B1DD22D13E4900C1F886 /* FindCampaignVC.swift in Sources */ = {isa = PBXBuildFile; fileRef = A988B1DC22D13E4900C1F886 /* FindCampaignVC.swift */; };
		A988B1DF22D13F6E00C1F886 /* CampaignCell.xib in Resources */ = {isa = PBXBuildFile; fileRef = A988B1DE22D13F6E00C1F886 /* CampaignCell.xib */; };
		A988B1E122D1497D00C1F886 /* CampaignCell.swift in Sources */ = {isa = PBXBuildFile; fileRef = A988B1E022D1497D00C1F886 /* CampaignCell.swift */; };
		A9A0B7CD22CE4B8000458817 /* AppDelegate.swift in Sources */ = {isa = PBXBuildFile; fileRef = A9A0B7CC22CE4B8000458817 /* AppDelegate.swift */; };
		A9A0B7CF22CE4B8000458817 /* ExistingCampaignVC.swift in Sources */ = {isa = PBXBuildFile; fileRef = A9A0B7CE22CE4B8000458817 /* ExistingCampaignVC.swift */; };
		A9A0B7D222CE4B8000458817 /* Main.storyboard in Resources */ = {isa = PBXBuildFile; fileRef = A9A0B7D022CE4B8000458817 /* Main.storyboard */; };
		A9A0B7D422CE4B8100458817 /* Assets.xcassets in Resources */ = {isa = PBXBuildFile; fileRef = A9A0B7D322CE4B8100458817 /* Assets.xcassets */; };
		A9A0B7D722CE4B8100458817 /* LaunchScreen.storyboard in Resources */ = {isa = PBXBuildFile; fileRef = A9A0B7D522CE4B8100458817 /* LaunchScreen.storyboard */; };
		A9A0B7E222CE4BAA00458817 /* NibLoadable.swift in Sources */ = {isa = PBXBuildFile; fileRef = A9A0B7DE22CE4BAA00458817 /* NibLoadable.swift */; };
		A9A0B7E522CE4BAA00458817 /* UIViewExtension.swift in Sources */ = {isa = PBXBuildFile; fileRef = A9A0B7E122CE4BAA00458817 /* UIViewExtension.swift */; };
		A9A0B7ED22CEA26F00458817 /* ProfileLinkCell.xib in Resources */ = {isa = PBXBuildFile; fileRef = A9A0B7EC22CEA26F00458817 /* ProfileLinkCell.xib */; };
		A9A0B7EF22CEA27C00458817 /* Consts.swift in Sources */ = {isa = PBXBuildFile; fileRef = A9A0B7EE22CEA27C00458817 /* Consts.swift */; };
		A9A0B7F122CEA39900458817 /* ProfileLinkCell.swift in Sources */ = {isa = PBXBuildFile; fileRef = A9A0B7F022CEA39900458817 /* ProfileLinkCell.swift */; };
		A9A4F7D822D4BED700E83C64 /* StreetCell.xib in Resources */ = {isa = PBXBuildFile; fileRef = A9A4F7D722D4BED700E83C64 /* StreetCell.xib */; };
		A9A4F7DA22D4C12300E83C64 /* StreetCell.swift in Sources */ = {isa = PBXBuildFile; fileRef = A9A4F7D922D4C12300E83C64 /* StreetCell.swift */; };
		A9A4F7DC22D4C34700E83C64 /* StreetsListVC.swift in Sources */ = {isa = PBXBuildFile; fileRef = A9A4F7DB22D4C34700E83C64 /* StreetsListVC.swift */; };
		A9A4F7DE22D4DA0100E83C64 /* VolunteerCell.xib in Resources */ = {isa = PBXBuildFile; fileRef = A9A4F7DD22D4DA0100E83C64 /* VolunteerCell.xib */; };
		A9A4F7E022D4DA2700E83C64 /* VolunteerHistoryCell.xib in Resources */ = {isa = PBXBuildFile; fileRef = A9A4F7DF22D4DA2700E83C64 /* VolunteerHistoryCell.xib */; };
		A9A4F7E222D4DC1A00E83C64 /* VolunteerHistoryCell.swift in Sources */ = {isa = PBXBuildFile; fileRef = A9A4F7E122D4DC1A00E83C64 /* VolunteerHistoryCell.swift */; };
		A9A4F7E422D4DC2500E83C64 /* VolunteerCell.swift in Sources */ = {isa = PBXBuildFile; fileRef = A9A4F7E322D4DC2500E83C64 /* VolunteerCell.swift */; };
		A9A4F7E622D4E68800E83C64 /* VolunteersListVC.swift in Sources */ = {isa = PBXBuildFile; fileRef = A9A4F7E522D4E68800E83C64 /* VolunteersListVC.swift */; };
/* End PBXBuildFile section */

/* Begin PBXFileReference section */
		A985A64C22D28B7500E730BE /* ProfileVC.swift */ = {isa = PBXFileReference; lastKnownFileType = sourcecode.swift; path = ProfileVC.swift; sourceTree = "<group>"; };
		A988B1DA22D12FFD00C1F886 /* IntroVC.swift */ = {isa = PBXFileReference; lastKnownFileType = sourcecode.swift; path = IntroVC.swift; sourceTree = "<group>"; };
		A988B1DC22D13E4900C1F886 /* FindCampaignVC.swift */ = {isa = PBXFileReference; lastKnownFileType = sourcecode.swift; path = FindCampaignVC.swift; sourceTree = "<group>"; };
		A988B1DE22D13F6E00C1F886 /* CampaignCell.xib */ = {isa = PBXFileReference; lastKnownFileType = file.xib; path = CampaignCell.xib; sourceTree = "<group>"; };
		A988B1E022D1497D00C1F886 /* CampaignCell.swift */ = {isa = PBXFileReference; lastKnownFileType = sourcecode.swift; path = CampaignCell.swift; sourceTree = "<group>"; };
		A9A0B7C922CE4B8000458817 /* LeafeeWireframes.app */ = {isa = PBXFileReference; explicitFileType = wrapper.application; includeInIndex = 0; path = LeafeeWireframes.app; sourceTree = BUILT_PRODUCTS_DIR; };
		A9A0B7CC22CE4B8000458817 /* AppDelegate.swift */ = {isa = PBXFileReference; lastKnownFileType = sourcecode.swift; path = AppDelegate.swift; sourceTree = "<group>"; };
		A9A0B7CE22CE4B8000458817 /* ExistingCampaignVC.swift */ = {isa = PBXFileReference; lastKnownFileType = sourcecode.swift; path = ExistingCampaignVC.swift; sourceTree = "<group>"; };
		A9A0B7D122CE4B8000458817 /* Base */ = {isa = PBXFileReference; lastKnownFileType = file.storyboard; name = Base; path = Base.lproj/Main.storyboard; sourceTree = "<group>"; };
		A9A0B7D322CE4B8100458817 /* Assets.xcassets */ = {isa = PBXFileReference; lastKnownFileType = folder.assetcatalog; path = Assets.xcassets; sourceTree = "<group>"; };
		A9A0B7D622CE4B8100458817 /* Base */ = {isa = PBXFileReference; lastKnownFileType = file.storyboard; name = Base; path = Base.lproj/LaunchScreen.storyboard; sourceTree = "<group>"; };
		A9A0B7D822CE4B8100458817 /* Info.plist */ = {isa = PBXFileReference; lastKnownFileType = text.plist.xml; path = Info.plist; sourceTree = "<group>"; };
		A9A0B7DE22CE4BAA00458817 /* NibLoadable.swift */ = {isa = PBXFileReference; fileEncoding = 4; lastKnownFileType = sourcecode.swift; path = NibLoadable.swift; sourceTree = "<group>"; };
		A9A0B7E122CE4BAA00458817 /* UIViewExtension.swift */ = {isa = PBXFileReference; fileEncoding = 4; lastKnownFileType = sourcecode.swift; path = UIViewExtension.swift; sourceTree = "<group>"; };
		A9A0B7EC22CEA26F00458817 /* ProfileLinkCell.xib */ = {isa = PBXFileReference; lastKnownFileType = file.xib; path = ProfileLinkCell.xib; sourceTree = "<group>"; };
		A9A0B7EE22CEA27C00458817 /* Consts.swift */ = {isa = PBXFileReference; lastKnownFileType = sourcecode.swift; path = Consts.swift; sourceTree = "<group>"; };
		A9A0B7F022CEA39900458817 /* ProfileLinkCell.swift */ = {isa = PBXFileReference; lastKnownFileType = sourcecode.swift; path = ProfileLinkCell.swift; sourceTree = "<group>"; };
		A9A4F7D722D4BED700E83C64 /* StreetCell.xib */ = {isa = PBXFileReference; lastKnownFileType = file.xib; path = StreetCell.xib; sourceTree = "<group>"; };
		A9A4F7D922D4C12300E83C64 /* StreetCell.swift */ = {isa = PBXFileReference; lastKnownFileType = sourcecode.swift; path = StreetCell.swift; sourceTree = "<group>"; };
		A9A4F7DB22D4C34700E83C64 /* StreetsListVC.swift */ = {isa = PBXFileReference; lastKnownFileType = sourcecode.swift; path = StreetsListVC.swift; sourceTree = "<group>"; };
		A9A4F7DD22D4DA0100E83C64 /* VolunteerCell.xib */ = {isa = PBXFileReference; lastKnownFileType = file.xib; path = VolunteerCell.xib; sourceTree = "<group>"; };
		A9A4F7DF22D4DA2700E83C64 /* VolunteerHistoryCell.xib */ = {isa = PBXFileReference; lastKnownFileType = file.xib; path = VolunteerHistoryCell.xib; sourceTree = "<group>"; };
		A9A4F7E122D4DC1A00E83C64 /* VolunteerHistoryCell.swift */ = {isa = PBXFileReference; lastKnownFileType = sourcecode.swift; path = VolunteerHistoryCell.swift; sourceTree = "<group>"; };
		A9A4F7E322D4DC2500E83C64 /* VolunteerCell.swift */ = {isa = PBXFileReference; lastKnownFileType = sourcecode.swift; path = VolunteerCell.swift; sourceTree = "<group>"; };
		A9A4F7E522D4E68800E83C64 /* VolunteersListVC.swift */ = {isa = PBXFileReference; lastKnownFileType = sourcecode.swift; path = VolunteersListVC.swift; sourceTree = "<group>"; };
/* End PBXFileReference section */

/* Begin PBXFrameworksBuildPhase section */
		A9A0B7C622CE4B8000458817 /* Frameworks */ = {
			isa = PBXFrameworksBuildPhase;
			buildActionMask = 2147483647;
			files = (
			);
			runOnlyForDeploymentPostprocessing = 0;
		};
/* End PBXFrameworksBuildPhase section */

/* Begin PBXGroup section */
		A9033BB522D1FBD1002BB198 /* ViewControllers */ = {
			isa = PBXGroup;
			children = (
				A9A0B7CE22CE4B8000458817 /* ExistingCampaignVC.swift */,
				A988B1DC22D13E4900C1F886 /* FindCampaignVC.swift */,
				A988B1DA22D12FFD00C1F886 /* IntroVC.swift */,
				A985A64C22D28B7500E730BE /* ProfileVC.swift */,
				A9A4F7DB22D4C34700E83C64 /* StreetsListVC.swift */,
				A9A4F7E522D4E68800E83C64 /* VolunteersListVC.swift */,
			);
			path = ViewControllers;
			sourceTree = "<group>";
		};
		A9033BB622D1FBF0002BB198 /* Nibs */ = {
			isa = PBXGroup;
			children = (
				A9A0B7EC22CEA26F00458817 /* ProfileLinkCell.xib */,
				A988B1DE22D13F6E00C1F886 /* CampaignCell.xib */,
				A9A4F7D722D4BED700E83C64 /* StreetCell.xib */,
				A9A4F7DD22D4DA0100E83C64 /* VolunteerCell.xib */,
				A9A4F7DF22D4DA2700E83C64 /* VolunteerHistoryCell.xib */,
			);
			path = Nibs;
			sourceTree = "<group>";
		};
		A9033BB822D1FC0D002BB198 /* Misc */ = {
			isa = PBXGroup;
			children = (
				A9A0B7E122CE4BAA00458817 /* UIViewExtension.swift */,
				A9A0B7DE22CE4BAA00458817 /* NibLoadable.swift */,
				A9A0B7EE22CEA27C00458817 /* Consts.swift */,
			);
			path = Misc;
			sourceTree = "<group>";
		};
		A9033BB922D1FC3A002BB198 /* Cells */ = {
			isa = PBXGroup;
			children = (
				A988B1E022D1497D00C1F886 /* CampaignCell.swift */,
				A9A0B7F022CEA39900458817 /* ProfileLinkCell.swift */,
				A9A4F7D922D4C12300E83C64 /* StreetCell.swift */,
				A9A4F7E322D4DC2500E83C64 /* VolunteerCell.swift */,
				A9A4F7E122D4DC1A00E83C64 /* VolunteerHistoryCell.swift */,
			);
			path = Cells;
			sourceTree = "<group>";
		};
		A9A0B7C022CE4B8000458817 = {
			isa = PBXGroup;
			children = (
				A9A0B7CB22CE4B8000458817 /* LeafeeWireframes */,
				A9A0B7CA22CE4B8000458817 /* Products */,
			);
			sourceTree = "<group>";
		};
		A9A0B7CA22CE4B8000458817 /* Products */ = {
			isa = PBXGroup;
			children = (
				A9A0B7C922CE4B8000458817 /* LeafeeWireframes.app */,
			);
			name = Products;
			sourceTree = "<group>";
		};
		A9A0B7CB22CE4B8000458817 /* LeafeeWireframes */ = {
			isa = PBXGroup;
			children = (
				A9033BB922D1FC3A002BB198 /* Cells */,
				A9033BB822D1FC0D002BB198 /* Misc */,
				A9033BB622D1FBF0002BB198 /* Nibs */,
				A9033BB522D1FBD1002BB198 /* ViewControllers */,
				A9A0B7CC22CE4B8000458817 /* AppDelegate.swift */,
				A9A0B7D022CE4B8000458817 /* Main.storyboard */,
				A9A0B7D522CE4B8100458817 /* LaunchScreen.storyboard */,
				A9A0B7D322CE4B8100458817 /* Assets.xcassets */,
				A9A0B7D822CE4B8100458817 /* Info.plist */,
			);
			path = LeafeeWireframes;
			sourceTree = "<group>";
		};
/* End PBXGroup section */

/* Begin PBXNativeTarget section */
		A9A0B7C822CE4B8000458817 /* LeafeeWireframes */ = {
			isa = PBXNativeTarget;
			buildConfigurationList = A9A0B7DB22CE4B8100458817 /* Build configuration list for PBXNativeTarget "LeafeeWireframes" */;
			buildPhases = (
				A9A0B7C522CE4B8000458817 /* Sources */,
				A9A0B7C622CE4B8000458817 /* Frameworks */,
				A9A0B7C722CE4B8000458817 /* Resources */,
			);
			buildRules = (
			);
			dependencies = (
			);
			name = LeafeeWireframes;
			productName = LeafeeWireframes;
			productReference = A9A0B7C922CE4B8000458817 /* LeafeeWireframes.app */;
			productType = "com.apple.product-type.application";
		};
/* End PBXNativeTarget section */

/* Begin PBXProject section */
		A9A0B7C122CE4B8000458817 /* Project object */ = {
			isa = PBXProject;
			attributes = {
				LastSwiftUpdateCheck = 1020;
				LastUpgradeCheck = 1020;
				ORGANIZATIONNAME = "Rich Text Format Ltd.";
				TargetAttributes = {
					A9A0B7C822CE4B8000458817 = {
						CreatedOnToolsVersion = 10.2.1;
					};
				};
			};
			buildConfigurationList = A9A0B7C422CE4B8000458817 /* Build configuration list for PBXProject "LeafeeWireframes" */;
			compatibilityVersion = "Xcode 9.3";
			developmentRegion = en;
			hasScannedForEncodings = 0;
			knownRegions = (
				en,
				Base,
			);
			mainGroup = A9A0B7C022CE4B8000458817;
			productRefGroup = A9A0B7CA22CE4B8000458817 /* Products */;
			projectDirPath = "";
			projectRoot = "";
			targets = (
				A9A0B7C822CE4B8000458817 /* LeafeeWireframes */,
			);
		};
/* End PBXProject section */

/* Begin PBXResourcesBuildPhase section */
		A9A0B7C722CE4B8000458817 /* Resources */ = {
			isa = PBXResourcesBuildPhase;
			buildActionMask = 2147483647;
			files = (
				A9A0B7D722CE4B8100458817 /* LaunchScreen.storyboard in Resources */,
				A9A0B7ED22CEA26F00458817 /* ProfileLinkCell.xib in Resources */,
				A988B1DF22D13F6E00C1F886 /* CampaignCell.xib in Resources */,
				A9A0B7D422CE4B8100458817 /* Assets.xcassets in Resources */,
				A9A4F7D822D4BED700E83C64 /* StreetCell.xib in Resources */,
				A9A4F7DE22D4DA0100E83C64 /* VolunteerCell.xib in Resources */,
				A9A0B7D222CE4B8000458817 /* Main.storyboard in Resources */,
				A9A4F7E022D4DA2700E83C64 /* VolunteerHistoryCell.xib in Resources */,
			);
			runOnlyForDeploymentPostprocessing = 0;
		};
/* End PBXResourcesBuildPhase section */

/* Begin PBXSourcesBuildPhase section */
		A9A0B7C522CE4B8000458817 /* Sources */ = {
			isa = PBXSourcesBuildPhase;
			buildActionMask = 2147483647;
			files = (
				A9A4F7E622D4E68800E83C64 /* VolunteersListVC.swift in Sources */,
				A9A4F7DA22D4C12300E83C64 /* StreetCell.swift in Sources */,
				A985A64D22D28B7500E730BE /* ProfileVC.swift in Sources */,
				A9A0B7E522CE4BAA00458817 /* UIViewExtension.swift in Sources */,
				A9A0B7E222CE4BAA00458817 /* NibLoadable.swift in Sources */,
				A9A0B7CF22CE4B8000458817 /* ExistingCampaignVC.swift in Sources */,
				A988B1E122D1497D00C1F886 /* CampaignCell.swift in Sources */,
				A9A0B7EF22CEA27C00458817 /* Consts.swift in Sources */,
				A9A4F7E222D4DC1A00E83C64 /* VolunteerHistoryCell.swift in Sources */,
				A9A4F7E422D4DC2500E83C64 /* VolunteerCell.swift in Sources */,
				A9A0B7CD22CE4B8000458817 /* AppDelegate.swift in Sources */,
				A988B1DD22D13E4900C1F886 /* FindCampaignVC.swift in Sources */,
				A9A4F7DC22D4C34700E83C64 /* StreetsListVC.swift in Sources */,
				A9A0B7F122CEA39900458817 /* ProfileLinkCell.swift in Sources */,
				A988B1DB22D12FFD00C1F886 /* IntroVC.swift in Sources */,
			);
			runOnlyForDeploymentPostprocessing = 0;
		};
/* End PBXSourcesBuildPhase section */

/* Begin PBXVariantGroup section */
		A9A0B7D022CE4B8000458817 /* Main.storyboard */ = {
			isa = PBXVariantGroup;
			children = (
				A9A0B7D122CE4B8000458817 /* Base */,
			);
			name = Main.storyboard;
			sourceTree = "<group>";
		};
		A9A0B7D522CE4B8100458817 /* LaunchScreen.storyboard */ = {
			isa = PBXVariantGroup;
			children = (
				A9A0B7D622CE4B8100458817 /* Base */,
			);
			name = LaunchScreen.storyboard;
			sourceTree = "<group>";
		};
/* End PBXVariantGroup section */

/* Begin XCBuildConfiguration section */
		A9A0B7D922CE4B8100458817 /* Debug */ = {
			isa = XCBuildConfiguration;
			buildSettings = {
				ALWAYS_SEARCH_USER_PATHS = NO;
				CLANG_ANALYZER_NONNULL = YES;
				CLANG_ANALYZER_NUMBER_OBJECT_CONVERSION = YES_AGGRESSIVE;
				CLANG_CXX_LANGUAGE_STANDARD = "gnu++14";
				CLANG_CXX_LIBRARY = "libc++";
				CLANG_ENABLE_MODULES = YES;
				CLANG_ENABLE_OBJC_ARC = YES;
				CLANG_ENABLE_OBJC_WEAK = YES;
				CLANG_WARN_BLOCK_CAPTURE_AUTORELEASING = YES;
				CLANG_WARN_BOOL_CONVERSION = YES;
				CLANG_WARN_COMMA = YES;
				CLANG_WARN_CONSTANT_CONVERSION = YES;
				CLANG_WARN_DEPRECATED_OBJC_IMPLEMENTATIONS = YES;
				CLANG_WARN_DIRECT_OBJC_ISA_USAGE = YES_ERROR;
				CLANG_WARN_DOCUMENTATION_COMMENTS = YES;
				CLANG_WARN_EMPTY_BODY = YES;
				CLANG_WARN_ENUM_CONVERSION = YES;
				CLANG_WARN_INFINITE_RECURSION = YES;
				CLANG_WARN_INT_CONVERSION = YES;
				CLANG_WARN_NON_LITERAL_NULL_CONVERSION = YES;
				CLANG_WARN_OBJC_IMPLICIT_RETAIN_SELF = YES;
				CLANG_WARN_OBJC_LITERAL_CONVERSION = YES;
				CLANG_WARN_OBJC_ROOT_CLASS = YES_ERROR;
				CLANG_WARN_RANGE_LOOP_ANALYSIS = YES;
				CLANG_WARN_STRICT_PROTOTYPES = YES;
				CLANG_WARN_SUSPICIOUS_MOVE = YES;
				CLANG_WARN_UNGUARDED_AVAILABILITY = YES_AGGRESSIVE;
				CLANG_WARN_UNREACHABLE_CODE = YES;
				CLANG_WARN__DUPLICATE_METHOD_MATCH = YES;
				CODE_SIGN_IDENTITY = "iPhone Developer";
				COPY_PHASE_STRIP = NO;
				DEBUG_INFORMATION_FORMAT = dwarf;
				ENABLE_STRICT_OBJC_MSGSEND = YES;
				ENABLE_TESTABILITY = YES;
				GCC_C_LANGUAGE_STANDARD = gnu11;
				GCC_DYNAMIC_NO_PIC = NO;
				GCC_NO_COMMON_BLOCKS = YES;
				GCC_OPTIMIZATION_LEVEL = 0;
				GCC_PREPROCESSOR_DEFINITIONS = (
					"DEBUG=1",
					"$(inherited)",
				);
				GCC_WARN_64_TO_32_BIT_CONVERSION = YES;
				GCC_WARN_ABOUT_RETURN_TYPE = YES_ERROR;
				GCC_WARN_UNDECLARED_SELECTOR = YES;
				GCC_WARN_UNINITIALIZED_AUTOS = YES_AGGRESSIVE;
				GCC_WARN_UNUSED_FUNCTION = YES;
				GCC_WARN_UNUSED_VARIABLE = YES;
				IPHONEOS_DEPLOYMENT_TARGET = 12.2;
				MTL_ENABLE_DEBUG_INFO = INCLUDE_SOURCE;
				MTL_FAST_MATH = YES;
				ONLY_ACTIVE_ARCH = YES;
				SDKROOT = iphoneos;
				SWIFT_ACTIVE_COMPILATION_CONDITIONS = DEBUG;
				SWIFT_OPTIMIZATION_LEVEL = "-Onone";
			};
			name = Debug;
		};
		A9A0B7DA22CE4B8100458817 /* Release */ = {
			isa = XCBuildConfiguration;
			buildSettings = {
				ALWAYS_SEARCH_USER_PATHS = NO;
				CLANG_ANALYZER_NONNULL = YES;
				CLANG_ANALYZER_NUMBER_OBJECT_CONVERSION = YES_AGGRESSIVE;
				CLANG_CXX_LANGUAGE_STANDARD = "gnu++14";
				CLANG_CXX_LIBRARY = "libc++";
				CLANG_ENABLE_MODULES = YES;
				CLANG_ENABLE_OBJC_ARC = YES;
				CLANG_ENABLE_OBJC_WEAK = YES;
				CLANG_WARN_BLOCK_CAPTURE_AUTORELEASING = YES;
				CLANG_WARN_BOOL_CONVERSION = YES;
				CLANG_WARN_COMMA = YES;
				CLANG_WARN_CONSTANT_CONVERSION = YES;
				CLANG_WARN_DEPRECATED_OBJC_IMPLEMENTATIONS = YES;
				CLANG_WARN_DIRECT_OBJC_ISA_USAGE = YES_ERROR;
				CLANG_WARN_DOCUMENTATION_COMMENTS = YES;
				CLANG_WARN_EMPTY_BODY = YES;
				CLANG_WARN_ENUM_CONVERSION = YES;
				CLANG_WARN_INFINITE_RECURSION = YES;
				CLANG_WARN_INT_CONVERSION = YES;
				CLANG_WARN_NON_LITERAL_NULL_CONVERSION = YES;
				CLANG_WARN_OBJC_IMPLICIT_RETAIN_SELF = YES;
				CLANG_WARN_OBJC_LITERAL_CONVERSION = YES;
				CLANG_WARN_OBJC_ROOT_CLASS = YES_ERROR;
				CLANG_WARN_RANGE_LOOP_ANALYSIS = YES;
				CLANG_WARN_STRICT_PROTOTYPES = YES;
				CLANG_WARN_SUSPICIOUS_MOVE = YES;
				CLANG_WARN_UNGUARDED_AVAILABILITY = YES_AGGRESSIVE;
				CLANG_WARN_UNREACHABLE_CODE = YES;
				CLANG_WARN__DUPLICATE_METHOD_MATCH = YES;
				CODE_SIGN_IDENTITY = "iPhone Developer";
				COPY_PHASE_STRIP = NO;
				DEBUG_INFORMATION_FORMAT = "dwarf-with-dsym";
				ENABLE_NS_ASSERTIONS = NO;
				ENABLE_STRICT_OBJC_MSGSEND = YES;
				GCC_C_LANGUAGE_STANDARD = gnu11;
				GCC_NO_COMMON_BLOCKS = YES;
				GCC_WARN_64_TO_32_BIT_CONVERSION = YES;
				GCC_WARN_ABOUT_RETURN_TYPE = YES_ERROR;
				GCC_WARN_UNDECLARED_SELECTOR = YES;
				GCC_WARN_UNINITIALIZED_AUTOS = YES_AGGRESSIVE;
				GCC_WARN_UNUSED_FUNCTION = YES;
				GCC_WARN_UNUSED_VARIABLE = YES;
				IPHONEOS_DEPLOYMENT_TARGET = 12.2;
				MTL_ENABLE_DEBUG_INFO = NO;
				MTL_FAST_MATH = YES;
				SDKROOT = iphoneos;
				SWIFT_COMPILATION_MODE = wholemodule;
				SWIFT_OPTIMIZATION_LEVEL = "-O";
				VALIDATE_PRODUCT = YES;
			};
			name = Release;
		};
		A9A0B7DC22CE4B8100458817 /* Debug */ = {
			isa = XCBuildConfiguration;
			buildSettings = {
				ASSETCATALOG_COMPILER_APPICON_NAME = AppIcon;
				CODE_SIGN_STYLE = Automatic;
				DEVELOPMENT_TEAM = DM7DWP6VN6;
				INFOPLIST_FILE = LeafeeWireframes/Info.plist;
				LD_RUNPATH_SEARCH_PATHS = (
					"$(inherited)",
					"@executable_path/Frameworks",
				);
				PRODUCT_BUNDLE_IDENTIFIER = uk.co.josephbeuysmum.LeafeeWireframes;
				PRODUCT_NAME = "$(TARGET_NAME)";
				SWIFT_VERSION = 5.0;
				TARGETED_DEVICE_FAMILY = "1,2";
			};
			name = Debug;
		};
		A9A0B7DD22CE4B8100458817 /* Release */ = {
			isa = XCBuildConfiguration;
			buildSettings = {
				ASSETCATALOG_COMPILER_APPICON_NAME = AppIcon;
				CODE_SIGN_STYLE = Automatic;
				DEVELOPMENT_TEAM = DM7DWP6VN6;
				INFOPLIST_FILE = LeafeeWireframes/Info.plist;
				LD_RUNPATH_SEARCH_PATHS = (
					"$(inherited)",
					"@executable_path/Frameworks",
				);
				PRODUCT_BUNDLE_IDENTIFIER = uk.co.josephbeuysmum.LeafeeWireframes;
				PRODUCT_NAME = "$(TARGET_NAME)";
				SWIFT_VERSION = 5.0;
				TARGETED_DEVICE_FAMILY = "1,2";
			};
			name = Release;
		};
/* End XCBuildConfiguration section */

/* Begin XCConfigurationList section */
		A9A0B7C422CE4B8000458817 /* Build configuration list for PBXProject "LeafeeWireframes" */ = {
			isa = XCConfigurationList;
			buildConfigurations = (
				A9A0B7D922CE4B8100458817 /* Debug */,
				A9A0B7DA22CE4B8100458817 /* Release */,
			);
			defaultConfigurationIsVisible = 0;
			defaultConfigurationName = Release;
		};
		A9A0B7DB22CE4B8100458817 /* Build configuration list for PBXNativeTarget "LeafeeWireframes" */ = {
			isa = XCConfigurationList;
			buildConfigurations = (
				A9A0B7DC22CE4B8100458817 /* Debug */,
				A9A0B7DD22CE4B8100458817 /* Release */,
			);
			defaultConfigurationIsVisible = 0;
			defaultConfigurationName = Release;
		};
/* End XCConfigurationList section */
	};
	rootObject = A9A0B7C122CE4B8000458817 /* Project object */;
}
